lockVersion: 2.0.0
id: 2cb274b7-fcbd-4d49-95f2-567e732ebaec
management:
  docChecksum: dfbfac1cfd99bb11028a16f746df2a96
  docVersion: 1.0.0
  speakeasyVersion: internal
  generationVersion: 2.263.3
  releaseVersion: 0.5.1
  configChecksum: 712b36b61c947c8797095157c33f9415
  repoURL: https://github.com/speakeasy-sdks/test-workspace-sample-sdk.git
  repoSubDirectory: .
  installationURL: https://github.com/speakeasy-sdks/test-workspace-sample-sdk
  published: true
features:
  go:
    core: 3.4.1
    globalServerURLs: 2.82.1
generatedFiles:
  - whitelabelewallet.go
  - go.mod
  - pkg/models/sdkerrors/sdkerror.go
  - pkg/types/bigint.go
  - pkg/types/date.go
  - pkg/types/datetime.go
  - pkg/types/decimal.go
  - pkg/types/pointers.go
  - pkg/utils/contenttype.go
  - pkg/utils/form.go
  - pkg/utils/headers.go
  - pkg/utils/json.go
  - pkg/utils/pathparams.go
  - pkg/utils/queryparams.go
  - pkg/utils/requestbody.go
  - pkg/utils/retries.go
  - pkg/utils/security.go
  - pkg/utils/utils.go
  - /pkg/models/operations/accountbinding.go
  - /pkg/models/operations/accountcreation.go
  - /pkg/models/operations/authcapturewithdraw.go
  - /pkg/models/operations/authpaymentwithdraw.go
  - /pkg/models/operations/authquerywithdraw.go
  - /pkg/models/operations/authrefundwithdraw.go
  - /pkg/models/operations/authvoidwithdraw.go
  - /pkg/models/operations/generateb2b2ctoken.go
  - /pkg/models/operations/generateb2btoken.go
  - /pkg/models/operations/generatewebview.go
  - /pkg/models/operations/otpverification.go
  - /pkg/models/operations/topup.go
  - /pkg/models/operations/topupinquiry.go
  - /pkg/models/operations/topupinquirystatus.go
  - /pkg/models/operations/walletbalancecustomermerchant.go
  - /pkg/models/operations/walletbalancemerchant.go
  - docs/pkg/models/operations/accountbindingrequestbody.md
  - docs/pkg/models/operations/accountbindingrequest.md
  - docs/pkg/models/operations/accountbindingresponse.md
  - docs/pkg/models/operations/accountcreationrequestbody.md
  - docs/pkg/models/operations/accountcreationrequest.md
  - docs/pkg/models/operations/accountcreationresponsebody.md
  - docs/pkg/models/operations/accountcreationresponse.md
  - docs/pkg/models/operations/captureamount.md
  - docs/pkg/models/operations/authcapturewithdrawrequestbody.md
  - docs/pkg/models/operations/authcapturewithdrawrequest.md
  - docs/pkg/models/operations/authcapturewithdrawresponse.md
  - docs/pkg/models/operations/amount.md
  - docs/pkg/models/operations/authpaymentwithdrawrequestbody.md
  - docs/pkg/models/operations/authpaymentwithdrawrequest.md
  - docs/pkg/models/operations/authpaymentwithdrawresponse.md
  - docs/pkg/models/operations/authquerywithdrawrequestbody.md
  - docs/pkg/models/operations/authquerywithdrawrequest.md
  - docs/pkg/models/operations/authquerywithdrawresponse.md
  - docs/pkg/models/operations/refundamount.md
  - docs/pkg/models/operations/authrefundwithdrawrequestbody.md
  - docs/pkg/models/operations/authrefundwithdrawrequest.md
  - docs/pkg/models/operations/authrefundwithdrawresponse.md
  - docs/pkg/models/operations/voidamount.md
  - docs/pkg/models/operations/authvoidwithdrawrequestbody.md
  - docs/pkg/models/operations/authvoidwithdrawrequest.md
  - docs/pkg/models/operations/authvoidwithdrawresponse.md
  - docs/pkg/models/operations/additionalinfo.md
  - docs/pkg/models/operations/generateb2b2ctokenrequestbody.md
  - docs/pkg/models/operations/generateb2b2ctokenrequest.md
  - docs/pkg/models/operations/generateb2b2ctokenresponsebody.md
  - docs/pkg/models/operations/generateb2b2ctokenresponse.md
  - docs/pkg/models/operations/generateb2btokenadditionalinfo.md
  - docs/pkg/models/operations/generateb2btokenrequestbody.md
  - docs/pkg/models/operations/generateb2btokenrequest.md
  - docs/pkg/models/operations/generateb2btokenresponsebody.md
  - docs/pkg/models/operations/generateb2btokenresponse.md
  - docs/pkg/models/operations/redirectiondetails.md
  - docs/pkg/models/operations/generatewebviewrequestbody.md
  - docs/pkg/models/operations/generatewebviewrequest.md
  - docs/pkg/models/operations/generatewebviewresponse.md
  - docs/pkg/models/operations/otpverificationrequestbody.md
  - docs/pkg/models/operations/otpverificationrequest.md
  - docs/pkg/models/operations/otpverificationresponse.md
  - docs/pkg/models/operations/topupamount.md
  - docs/pkg/models/operations/topuprequestbody.md
  - docs/pkg/models/operations/topuprequest.md
  - docs/pkg/models/operations/topupresponse.md
  - docs/pkg/models/operations/topupinquiryamount.md
  - docs/pkg/models/operations/topupinquiryrequestbody.md
  - docs/pkg/models/operations/topupinquiryrequest.md
  - docs/pkg/models/operations/topupinquiryresponse.md
  - docs/pkg/models/operations/topupinquirystatusrequestbody.md
  - docs/pkg/models/operations/topupinquirystatusrequest.md
  - docs/pkg/models/operations/topupinquirystatusresponse.md
  - docs/pkg/models/operations/walletbalancecustomermerchantrequestbody.md
  - docs/pkg/models/operations/walletbalancecustomermerchantrequest.md
  - docs/pkg/models/operations/walletbalancecustomermerchantresponse.md
  - docs/pkg/models/operations/walletbalancemerchantrequestbody.md
  - docs/pkg/models/operations/walletbalancemerchantrequest.md
  - docs/pkg/models/operations/walletbalancemerchantresponse.md
  - docs/sdks/whitelabelewallet/README.md
  - USAGE.md
  - .gitattributes
  - internal/hooks/hooks.go
